{
    "_readme": [
        "This file locks the dependencies of your project to a known state",
        "Read more about it at https://getcomposer.org/doc/01-basic-usage.md#installing-dependencies",
        "This file is @generated automatically"
    ],
    "content-hash": "218dd66824cf75fd70f0b5394508d332",
    "packages": [
        {
            "name": "workerman/coroutine",
            "version": "v1.1.3",
            "source": {
                "type": "git",
                "url": "https://github.com/workerman-php/coroutine.git",
                "reference": "df8fc428967d512a74a8a7d80355c1d40228c9fa"
            },
            "dist": {
                "type": "zip",
                "url": "https://api.github.com/repos/workerman-php/coroutine/zipball/df8fc428967d512a74a8a7d80355c1d40228c9fa",
                "reference": "df8fc428967d512a74a8a7d80355c1d40228c9fa",
                "shasum": ""
            },
            "require": {
                "php": ">=8.1"
            },
            "require-dev": {
                "phpunit/phpunit": "^11.0",
                "psr/log": "*"
            },
            "type": "library",
            "autoload": {
                "psr-4": {
                    "Workerman\\": "src",
                    "Workerman\\Coroutine\\": "src"
                }
            },
            "notification-url": "https://packagist.org/downloads/",
            "license": [
                "MIT"
            ],
            "description": "Workerman coroutine",
            "support": {
                "issues": "https://github.com/workerman-php/coroutine/issues",
                "source": "https://github.com/workerman-php/coroutine/tree/v1.1.3"
            },
            "time": "2025-02-17T03:34:21+00:00"
        },
        {
            "name": "workerman/stomp",
            "version": "dev-main",
            "source": {
                "type": "git",
                "url": "https://github.com/walkor/stomp.git",
                "reference": "07e6b38b0dc488cbc715a306be2ccef391010744"
            },
            "dist": {
                "type": "zip",
                "url": "https://api.github.com/repos/walkor/stomp/zipball/07e6b38b0dc488cbc715a306be2ccef391010744",
                "reference": "07e6b38b0dc488cbc715a306be2ccef391010744",
                "shasum": ""
            },
            "require": {
                "php": ">=5.4",
                "workerman/workerman": ">=3.3.0"
            },
            "default-branch": true,
            "type": "library",
            "autoload": {
                "psr-4": {
                    "Workerman\\Stomp\\": "./src"
                }
            },
            "notification-url": "https://packagist.org/downloads/",
            "license": [
                "MIT"
            ],
            "homepage": "http://www.workerman.net",
            "support": {
                "issues": "https://github.com/walkor/stomp/issues",
                "source": "https://github.com/walkor/stomp/tree/v1.0.9"
            },
            "time": "2024-01-17T08:49:52+00:00"
        },
        {
            "name": "workerman/workerman",
            "version": "dev-master",
            "source": {
                "type": "git",
                "url": "https://github.com/walkor/workerman.git",
                "reference": "36700b89c749416d5fad384581b027a516fdff54"
            },
            "dist": {
                "type": "zip",
                "url": "https://api.github.com/repos/walkor/workerman/zipball/36700b89c749416d5fad384581b027a516fdff54",
                "reference": "36700b89c749416d5fad384581b027a516fdff54",
                "shasum": ""
            },
            "require": {
                "ext-json": "*",
                "php": ">=8.1",
                "workerman/coroutine": "^1.1 || dev-main"
            },
            "conflict": {
                "ext-swow": "<v1.0.0"
            },
            "require-dev": {
                "guzzlehttp/guzzle": "^7.0",
                "mockery/mockery": "^1.6",
                "pestphp/pest": "2.x-dev",
                "phpstan/phpstan": "1.11.x-dev"
            },
            "suggest": {
                "ext-event": "For better performance. "
            },
            "default-branch": true,
            "type": "library",
            "autoload": {
                "psr-4": {
                    "Workerman\\": "src"
                }
            },
            "notification-url": "https://packagist.org/downloads/",
            "license": [
                "MIT"
            ],
            "authors": [
                {
                    "name": "walkor",
                    "email": "walkor@workerman.net",
                    "homepage": "https://www.workerman.net",
                    "role": "Developer"
                }
            ],
            "description": "An asynchronous event driven PHP framework for easily building fast, scalable network applications.",
            "homepage": "https://www.workerman.net",
            "keywords": [
                "asynchronous",
                "event-loop",
                "framework",
                "http"
            ],
            "support": {
                "email": "walkor@workerman.net",
                "forum": "https://www.workerman.net/questions",
                "issues": "https://github.com/walkor/workerman/issues",
                "source": "https://github.com/walkor/workerman",
                "wiki": "https://www.workerman.net/doc/workerman/"
            },
            "funding": [
                {
                    "url": "https://opencollective.com/workerman",
                    "type": "open_collective"
                },
                {
                    "url": "https://www.patreon.com/walkor",
                    "type": "patreon"
                }
            ],
            "time": "2025-07-31T12:23:03+00:00"
        }
    ],
    "packages-dev": [],
    "aliases": [],
    "minimum-stability": "dev",
    "stability-flags": {
        "workerman/stomp": 20
    },
    "prefer-stable": false,
    "prefer-lowest": false,
    "platform": {
        "php": ">=7.4"
    },
    "platform-dev": {},
    "plugin-api-version": "2.6.0"
}
